
Microsoft Visual Studio Solution File, Format Version 12.00
# Visual Studio 14
VisualStudioVersion = 14.0.23107.0
MinimumVisualStudioVersion = 10.0.40219.1
Project("{FAE04EC0-301F-11D3-BF4B-00C04F79EFBC}") = "Linq IQueryable Generic Filter", "Linq IQueryable Generic Filter\Linq IQueryable Generic Filter.csproj", "{F6FE126F-AD49-403B-A19C-38CF94803255}"
EndProject
Project("{FAE04EC0-301F-11D3-BF4B-00C04F79EFBC}") = "Example1", "Example1\Example1.csproj", "{A2403BF3-2306-4750-8288-5D38487BE44F}"
EndProject
Global
	GlobalSection(SolutionConfigurationPlatforms) = preSolution
		Debug|Any CPU = Debug|Any CPU
		Release|Any CPU = Release|Any CPU
	EndGlobalSection
	GlobalSection(ProjectConfigurationPlatforms) = postSolution
		{F6FE126F-AD49-403B-A19C-38CF94803255}.Debug|Any CPU.ActiveCfg = Debug|Any CPU
		{F6FE126F-AD49-403B-A19C-38CF94803255}.Debug|Any CPU.Build.0 = Debug|Any CPU
		{F6FE126F-AD49-403B-A19C-38CF94803255}.Release|Any CPU.ActiveCfg = Release|Any CPU
		{F6FE126F-AD49-403B-A19C-38CF94803255}.Release|Any CPU.Build.0 = Release|Any CPU
		{A2403BF3-2306-4750-8288-5D38487BE44F}.Debug|Any CPU.ActiveCfg = Debug|Any CPU
		{A2403BF3-2306-4750-8288-5D38487BE44F}.Debug|Any CPU.Build.0 = Debug|Any CPU
		{A2403BF3-2306-4750-8288-5D38487BE44F}.Release|Any CPU.ActiveCfg = Release|Any CPU
		{A2403BF3-2306-4750-8288-5D38487BE44F}.Release|Any CPU.Build.0 = Release|Any CPU
	EndGlobalSection
	GlobalSection(SolutionProperties) = preSolution
		HideSolutionNode = FALSE
	EndGlobalSection
EndGlobal
